{
  "version": 4,
  "terraform_version": "1.4.6",
  "serial": 3,
  "lineage": "e0ae73d1-398d-a46b-472a-a41a1fd2bc4f",
  "outputs": {
    "kvid": {
      "value": "/subscriptions/4aa0a432-11bd-465b-8454-270ce1f20b11/resourceGroups/rg-kv_terraform/providers/Microsoft.KeyVault/vaults/testterraformtemplatekv",
      "type": "string"
    }
  },
  "resources": [
    {
      "mode": "data",
      "type": "azurerm_client_config",
      "name": "current",
      "provider": "provider[\"registry.terraform.io/hashicorp/azurerm\"]",
      "instances": [
        {
          "schema_version": 0,
          "attributes": {
            "client_id": "04b07795-8ddb-461a-bbee-02f9e1bf7b46",
            "id": "Y2xpZW50Q29uZmlncy9jbGllbnRJZD0wNGIwNzc5NS04ZGRiLTQ2MWEtYmJlZS0wMmY5ZTFiZjdiNDY7b2JqZWN0SWQ9MzBiNjJiMGUtMDRlZS00NTlhLThiNzMtOTYwNjFlZjRmMzU5O3N1YnNjcmlwdGlvbklkPTRhYTBhNDMyLTExYmQtNDY1Yi04NDU0LTI3MGNlMWYyMGIxMTt0ZW5hbnRJZD01OWUyNjgzOS04ZTNhLTQwYTYtODU0MC0yNjRjZjZkZjEwNTk=",
            "object_id": "30b62b0e-04ee-459a-8b73-96061ef4f359",
            "subscription_id": "4aa0a432-11bd-465b-8454-270ce1f20b11",
            "tenant_id": "59e26839-8e3a-40a6-8540-264cf6df1059",
            "timeouts": null
          },
          "sensitive_attributes": []
        }
      ]
    },
    {
      "mode": "data",
      "type": "azurerm_key_vault",
      "name": "keyvault",
      "provider": "provider[\"registry.terraform.io/hashicorp/azurerm\"]",
      "instances": [
        {
          "schema_version": 0,
          "attributes": {
            "access_policy": [
              {
                "application_id": "",
                "certificate_permissions": [],
                "key_permissions": [
                  "Get"
                ],
                "object_id": "30b62b0e-04ee-459a-8b73-96061ef4f359",
                "secret_permissions": [
                  "Get",
                  "List",
                  "Set",
                  "Delete"
                ],
                "storage_permissions": [
                  "Get"
                ],
                "tenant_id": "59e26839-8e3a-40a6-8540-264cf6df1059"
              }
            ],
            "enable_rbac_authorization": true,
            "enabled_for_deployment": false,
            "enabled_for_disk_encryption": false,
            "enabled_for_template_deployment": false,
            "id": "/subscriptions/4aa0a432-11bd-465b-8454-270ce1f20b11/resourceGroups/rg-kv_terraform/providers/Microsoft.KeyVault/vaults/testterraformtemplatekv",
            "location": "westeurope",
            "name": "testterraformtemplatekv",
            "network_acls": [],
            "public_network_access_enabled": true,
            "purge_protection_enabled": false,
            "resource_group_name": "rg-kv_terraform",
            "sku_name": "standard",
            "tags": {
              "application": "Production",
              "source": "ID Vault"
            },
            "tenant_id": "59e26839-8e3a-40a6-8540-264cf6df1059",
            "timeouts": null,
            "vault_uri": "https://testterraformtemplatekv.vault.azure.net/"
          },
          "sensitive_attributes": []
        }
      ]
    },
    {
      "mode": "managed",
      "type": "azurerm_key_vault_secret",
      "name": "db-pwd",
      "provider": "provider[\"registry.terraform.io/hashicorp/azurerm\"]",
      "instances": [
        {
          "schema_version": 0,
          "attributes": {
            "content_type": "",
            "expiration_date": null,
            "id": "https://testterraformtemplatekv.vault.azure.net/secrets/DatabasePassword/e23ad059c255489e85db75863187f630",
            "key_vault_id": "/subscriptions/4aa0a432-11bd-465b-8454-270ce1f20b11/resourceGroups/rg-kv_terraform/providers/Microsoft.KeyVault/vaults/testterraformtemplatekv",
            "name": "DatabasePassword",
            "not_before_date": null,
            "resource_id": "/subscriptions/4aa0a432-11bd-465b-8454-270ce1f20b11/resourceGroups/rg-kv_terraform/providers/Microsoft.KeyVault/vaults/testterraformtemplatekv/secrets/DatabasePassword/versions/e23ad059c255489e85db75863187f630",
            "resource_versionless_id": "/subscriptions/4aa0a432-11bd-465b-8454-270ce1f20b11/resourceGroups/rg-kv_terraform/providers/Microsoft.KeyVault/vaults/testterraformtemplatekv/secrets/DatabasePassword",
            "tags": {
              "tag1": "tag_value_1",
              "tag2": "tag_value_2"
            },
            "timeouts": null,
            "value": "@Aa123456789!",
            "version": "e23ad059c255489e85db75863187f630",
            "versionless_id": "https://testterraformtemplatekv.vault.azure.net/secrets/DatabasePassword"
          },
          "sensitive_attributes": [
            [
              {
                "type": "get_attr",
                "value": "value"
              }
            ]
          ],
          "private": "eyJlMmJmYjczMC1lY2FhLTExZTYtOGY4OC0zNDM2M2JjN2M0YzAiOnsiY3JlYXRlIjoxODAwMDAwMDAwMDAwLCJkZWxldGUiOjE4MDAwMDAwMDAwMDAsInJlYWQiOjE4MDAwMDAwMDAwMDAsInVwZGF0ZSI6MTgwMDAwMDAwMDAwMH19",
          "dependencies": [
            "data.azurerm_key_vault.keyvault"
          ]
        }
      ]
    }
  ],
  "check_results": null
}
