{
  "version": 4,
  "terraform_version": "1.4.6",
  "serial": 10,
  "lineage": "d6b7557e-9756-e132-43b6-794f469cabe9",
  "outputs": {
    "kvid": {
      "value": "/subscriptions/4aa0a432-11bd-465b-8454-270ce1f20b11/resourceGroups/rg-kv_terraform/providers/Microsoft.KeyVault/vaults/testterraformtemplatekv",
      "type": "string"
    }
  },
  "resources": [
    {
      "mode": "data",
      "type": "azurerm_client_config",
      "name": "current",
      "provider": "provider[\"registry.terraform.io/hashicorp/azurerm\"]",
      "instances": [
        {
          "schema_version": 0,
          "attributes": {
            "client_id": "04b07795-8ddb-461a-bbee-02f9e1bf7b46",
            "id": "Y2xpZW50Q29uZmlncy9jbGllbnRJZD0wNGIwNzc5NS04ZGRiLTQ2MWEtYmJlZS0wMmY5ZTFiZjdiNDY7b2JqZWN0SWQ9MzBiNjJiMGUtMDRlZS00NTlhLThiNzMtOTYwNjFlZjRmMzU5O3N1YnNjcmlwdGlvbklkPTRhYTBhNDMyLTExYmQtNDY1Yi04NDU0LTI3MGNlMWYyMGIxMTt0ZW5hbnRJZD01OWUyNjgzOS04ZTNhLTQwYTYtODU0MC0yNjRjZjZkZjEwNTk=",
            "object_id": "30b62b0e-04ee-459a-8b73-96061ef4f359",
            "subscription_id": "4aa0a432-11bd-465b-8454-270ce1f20b11",
            "tenant_id": "59e26839-8e3a-40a6-8540-264cf6df1059",
            "timeouts": null
          },
          "sensitive_attributes": []
        }
      ]
    },
    {
      "mode": "data",
      "type": "azurerm_key_vault",
      "name": "keyvault",
      "provider": "provider[\"registry.terraform.io/hashicorp/azurerm\"]",
      "instances": [
        {
          "schema_version": 0,
          "attributes": {
            "access_policy": [
              {
                "application_id": "",
                "certificate_permissions": [],
                "key_permissions": [
                  "Get"
                ],
                "object_id": "30b62b0e-04ee-459a-8b73-96061ef4f359",
                "secret_permissions": [
                  "Get",
                  "List",
                  "Set",
                  "Delete"
                ],
                "storage_permissions": [
                  "Get"
                ],
                "tenant_id": "59e26839-8e3a-40a6-8540-264cf6df1059"
              }
            ],
            "enable_rbac_authorization": true,
            "enabled_for_deployment": false,
            "enabled_for_disk_encryption": false,
            "enabled_for_template_deployment": false,
            "id": "/subscriptions/4aa0a432-11bd-465b-8454-270ce1f20b11/resourceGroups/rg-kv_terraform/providers/Microsoft.KeyVault/vaults/testterraformtemplatekv",
            "location": "westeurope",
            "name": "testterraformtemplatekv",
            "network_acls": [],
            "public_network_access_enabled": true,
            "purge_protection_enabled": false,
            "resource_group_name": "rg-kv_terraform",
            "sku_name": "standard",
            "tags": {
              "application": "Production",
              "source": "ID Vault"
            },
            "tenant_id": "59e26839-8e3a-40a6-8540-264cf6df1059",
            "timeouts": null,
            "vault_uri": "https://testterraformtemplatekv.vault.azure.net/"
          },
          "sensitive_attributes": []
        }
      ]
    },
    {
      "mode": "managed",
      "type": "azurerm_role_assignment",
      "name": "role-Certificates-officer",
      "provider": "provider[\"registry.terraform.io/hashicorp/azurerm\"]",
      "instances": [
        {
          "schema_version": 0,
          "attributes": {
            "condition": "",
            "condition_version": "",
            "delegated_managed_identity_resource_id": "",
            "description": "",
            "id": "/subscriptions/4aa0a432-11bd-465b-8454-270ce1f20b11/resourceGroups/rg-kv_terraform/providers/Microsoft.KeyVault/vaults/testterraformtemplatekv/providers/Microsoft.Authorization/roleAssignments/2a1a4847-e7ba-230d-4f3c-547245125c41",
            "name": "2a1a4847-e7ba-230d-4f3c-547245125c41",
            "principal_id": "30b62b0e-04ee-459a-8b73-96061ef4f359",
            "principal_type": "User",
            "role_definition_id": "/subscriptions/4aa0a432-11bd-465b-8454-270ce1f20b11/providers/Microsoft.Authorization/roleDefinitions/a4417e6f-fecd-4de8-b567-7b0420556985",
            "role_definition_name": "Key Vault Certificates Officer",
            "scope": "/subscriptions/4aa0a432-11bd-465b-8454-270ce1f20b11/resourceGroups/rg-kv_terraform/providers/Microsoft.KeyVault/vaults/testterraformtemplatekv",
            "skip_service_principal_aad_check": null,
            "timeouts": null
          },
          "sensitive_attributes": [],
          "private": "eyJlMmJmYjczMC1lY2FhLTExZTYtOGY4OC0zNDM2M2JjN2M0YzAiOnsiY3JlYXRlIjoxODAwMDAwMDAwMDAwLCJkZWxldGUiOjE4MDAwMDAwMDAwMDAsInJlYWQiOjMwMDAwMDAwMDAwMCwidXBkYXRlIjoxODAwMDAwMDAwMDAwfX0=",
          "dependencies": [
            "data.azurerm_key_vault.keyvault"
          ]
        }
      ]
    },
    {
      "mode": "managed",
      "type": "azurerm_role_assignment",
      "name": "role-key-officer",
      "provider": "provider[\"registry.terraform.io/hashicorp/azurerm\"]",
      "instances": [
        {
          "schema_version": 0,
          "attributes": {
            "condition": "",
            "condition_version": "",
            "delegated_managed_identity_resource_id": "",
            "description": "",
            "id": "/subscriptions/4aa0a432-11bd-465b-8454-270ce1f20b11/resourceGroups/rg-kv_terraform/providers/Microsoft.KeyVault/vaults/testterraformtemplatekv/providers/Microsoft.Authorization/roleAssignments/e8d4b705-5009-ccd1-e7cd-dd2ebf1f0645",
            "name": "e8d4b705-5009-ccd1-e7cd-dd2ebf1f0645",
            "principal_id": "30b62b0e-04ee-459a-8b73-96061ef4f359",
            "principal_type": "User",
            "role_definition_id": "/subscriptions/4aa0a432-11bd-465b-8454-270ce1f20b11/providers/Microsoft.Authorization/roleDefinitions/14b46e9e-c2b7-41b4-b07b-48a6ebf60603",
            "role_definition_name": "Key Vault Crypto Officer",
            "scope": "/subscriptions/4aa0a432-11bd-465b-8454-270ce1f20b11/resourceGroups/rg-kv_terraform/providers/Microsoft.KeyVault/vaults/testterraformtemplatekv",
            "skip_service_principal_aad_check": null,
            "timeouts": null
          },
          "sensitive_attributes": [],
          "private": "eyJlMmJmYjczMC1lY2FhLTExZTYtOGY4OC0zNDM2M2JjN2M0YzAiOnsiY3JlYXRlIjoxODAwMDAwMDAwMDAwLCJkZWxldGUiOjE4MDAwMDAwMDAwMDAsInJlYWQiOjMwMDAwMDAwMDAwMCwidXBkYXRlIjoxODAwMDAwMDAwMDAwfX0=",
          "dependencies": [
            "data.azurerm_key_vault.keyvault"
          ]
        }
      ]
    },
    {
      "mode": "managed",
      "type": "azurerm_role_assignment",
      "name": "role-secret-officer",
      "provider": "provider[\"registry.terraform.io/hashicorp/azurerm\"]",
      "instances": [
        {
          "schema_version": 0,
          "attributes": {
            "condition": "",
            "condition_version": "",
            "delegated_managed_identity_resource_id": "",
            "description": "",
            "id": "/subscriptions/4aa0a432-11bd-465b-8454-270ce1f20b11/resourceGroups/rg-kv_terraform/providers/Microsoft.KeyVault/vaults/testterraformtemplatekv/providers/Microsoft.Authorization/roleAssignments/3d664614-3a9f-c371-25ff-5c3cb8d3e8d0",
            "name": "3d664614-3a9f-c371-25ff-5c3cb8d3e8d0",
            "principal_id": "30b62b0e-04ee-459a-8b73-96061ef4f359",
            "principal_type": "User",
            "role_definition_id": "/subscriptions/4aa0a432-11bd-465b-8454-270ce1f20b11/providers/Microsoft.Authorization/roleDefinitions/b86a8fe4-44ce-4948-aee5-eccb2c155cd7",
            "role_definition_name": "Key Vault Secrets Officer",
            "scope": "/subscriptions/4aa0a432-11bd-465b-8454-270ce1f20b11/resourceGroups/rg-kv_terraform/providers/Microsoft.KeyVault/vaults/testterraformtemplatekv",
            "skip_service_principal_aad_check": null,
            "timeouts": null
          },
          "sensitive_attributes": [],
          "private": "eyJlMmJmYjczMC1lY2FhLTExZTYtOGY4OC0zNDM2M2JjN2M0YzAiOnsiY3JlYXRlIjoxODAwMDAwMDAwMDAwLCJkZWxldGUiOjE4MDAwMDAwMDAwMDAsInJlYWQiOjMwMDAwMDAwMDAwMCwidXBkYXRlIjoxODAwMDAwMDAwMDAwfX0=",
          "dependencies": [
            "data.azurerm_key_vault.keyvault"
          ]
        }
      ]
    }
  ],
  "check_results": null
}
