{
  "version": 4,
  "terraform_version": "1.4.6",
  "serial": 8,
  "lineage": "193c44f1-a594-999f-40fb-e9cce19f7709",
  "outputs": {
    "kvid": {
      "value": "/subscriptions/4aa0a432-11bd-465b-8454-270ce1f20b11/resourceGroups/kv_terraform_rg/providers/Microsoft.KeyVault/vaults/demokv01090",
      "type": "string"
    }
  },
  "resources": [
    {
      "mode": "data",
      "type": "azurerm_client_config",
      "name": "current",
      "provider": "provider[\"registry.terraform.io/hashicorp/azurerm\"]",
      "instances": [
        {
          "schema_version": 0,
          "attributes": {
            "client_id": "04b07795-8ddb-461a-bbee-02f9e1bf7b46",
            "id": "Y2xpZW50Q29uZmlncy9jbGllbnRJZD0wNGIwNzc5NS04ZGRiLTQ2MWEtYmJlZS0wMmY5ZTFiZjdiNDY7b2JqZWN0SWQ9MzBiNjJiMGUtMDRlZS00NTlhLThiNzMtOTYwNjFlZjRmMzU5O3N1YnNjcmlwdGlvbklkPTRhYTBhNDMyLTExYmQtNDY1Yi04NDU0LTI3MGNlMWYyMGIxMTt0ZW5hbnRJZD01OWUyNjgzOS04ZTNhLTQwYTYtODU0MC0yNjRjZjZkZjEwNTk=",
            "object_id": "30b62b0e-04ee-459a-8b73-96061ef4f359",
            "subscription_id": "4aa0a432-11bd-465b-8454-270ce1f20b11",
            "tenant_id": "59e26839-8e3a-40a6-8540-264cf6df1059",
            "timeouts": null
          },
          "sensitive_attributes": []
        }
      ]
    },
    {
      "mode": "data",
      "type": "azurerm_key_vault",
      "name": "keyvault",
      "provider": "provider[\"registry.terraform.io/hashicorp/azurerm\"]",
      "instances": [
        {
          "schema_version": 0,
          "attributes": {
            "access_policy": [
              {
                "application_id": "",
                "certificate_permissions": [],
                "key_permissions": [
                  "Get"
                ],
                "object_id": "30b62b0e-04ee-459a-8b73-96061ef4f359",
                "secret_permissions": [
                  "Get",
                  "List",
                  "Delete",
                  "Set"
                ],
                "storage_permissions": [
                  "Get"
                ],
                "tenant_id": "59e26839-8e3a-40a6-8540-264cf6df1059"
              }
            ],
            "enable_rbac_authorization": true,
            "enabled_for_deployment": false,
            "enabled_for_disk_encryption": false,
            "enabled_for_template_deployment": false,
            "id": "/subscriptions/4aa0a432-11bd-465b-8454-270ce1f20b11/resourceGroups/kv_terraform_rg/providers/Microsoft.KeyVault/vaults/demokv01090",
            "location": "westeurope",
            "name": "demokv01090",
            "network_acls": [],
            "public_network_access_enabled": true,
            "purge_protection_enabled": false,
            "resource_group_name": "kv_terraform_rg",
            "sku_name": "standard",
            "tags": {},
            "tenant_id": "59e26839-8e3a-40a6-8540-264cf6df1059",
            "timeouts": null,
            "vault_uri": "https://demokv01090.vault.azure.net/"
          },
          "sensitive_attributes": []
        }
      ]
    },
    {
      "mode": "data",
      "type": "azurerm_key_vault_certificate",
      "name": "certval",
      "provider": "provider[\"registry.terraform.io/hashicorp/azurerm\"]",
      "instances": [
        {
          "schema_version": 0,
          "attributes": {
            "certificate_data": "3082033C30820224A00302010202105B114981FCA4460B9138094CE278C46D300D06092A864886F70D01010B0500301B31193017060355040313104D79646F6D61696E6E616D652E636F6D301E170D3233303531323232303630345A170D3234303531323232313630345A301B31193017060355040313104D79646F6D61696E6E616D652E636F6D30820122300D06092A864886F70D01010105000382010F003082010A0282010100D1C258E0767DAA287ECA5A3544DC8C9D44347D552C5453842A6E64A9F7AED7E6D5E1537EECE82E6A24EBA816E7FB63EF1980F19228EFC4B11E5A19B28C0811CA737E315788FBEE60ED1FD297F34258812E4B5277E57E063DB5FDA50A71444FD64C4927BD1C6CDC704B75DE7DAC19DA3D34DCF1A0391EEF76CF310F239E5ED2B0306F95FDA802DAD6F21B85BA785B164614D6E19820A8605717C84E61D52F98A1DB70EB404F2ED190AB4CACFA4E9ED17C7881A154B3714FCA4E8B22C5A6B827EF180ED0A08AE23558701D3B3662ED306F0646DBF908171ACF4F58A18E820520D84FF52DF74C536A0C6962A83058E3F0E84F1D746ED621701280FFE4C3997371FD0203010001A37C307A300E0603551D0F0101FF0404030205A030090603551D1304023000301D0603551D250416301406082B0601050507030106082B06010505070302301F0603551D23041830168014270B9AE524FF7FC371DFCD42AB5BC2A547B35C12301D0603551D0E04160414270B9AE524FF7FC371DFCD42AB5BC2A547B35C12300D06092A864886F70D01010B0500038201010027BC6526C413CC375FBFB4540FDE66EF118E9736A87ED2B975A5F1D248481C8EA7C41EDC94AD5D559515FD2A9A42D7FAC21E5B3CEA2AC1B4424CCFB2539D84EC0B0EDBAC2CC2685652A2FEC363C503CCABD22ECC0C25CDC2E35CE801FF2B024C64DF36012BC155DE4577A6DE8F25CBE20DAC2216B2D28E7DA7004D10D5B96E93B2E7CEC2A662A063A567773D89B257DDCA6353169012574BB872E55785465BC212C381AC2B50866C52DB5B85970CE47EFE7C5CCFBB3520CA2972B05A96D706E23AB08360172580C4175CD2738233EA09B248DE248702327CA794FC07E72EA055B24FD5DD2178F1ABC2158F3384A8E23E62B679BACD844343313307BC35CE6CFE",
            "certificate_data_base64": "MIIDPDCCAiSgAwIBAgIQWxFJgfykRguROAlM4njEbTANBgkqhkiG9w0BAQsFADAbMRkwFwYDVQQDExBNeWRvbWFpbm5hbWUuY29tMB4XDTIzMDUxMjIyMDYwNFoXDTI0MDUxMjIyMTYwNFowGzEZMBcGA1UEAxMQTXlkb21haW5uYW1lLmNvbTCCASIwDQYJKoZIhvcNAQEBBQADggEPADCCAQoCggEBANHCWOB2faoofspaNUTcjJ1ENH1VLFRThCpuZKn3rtfm1eFTfuzoLmok66gW5/tj7xmA8ZIo78SxHloZsowIEcpzfjFXiPvuYO0f0pfzQliBLktSd+V+Bj21/aUKcURP1kxJJ70cbNxwS3XefawZ2j003PGgOR7vds8xDyOeXtKwMG+V/agC2tbyG4W6eFsWRhTW4ZggqGBXF8hOYdUvmKHbcOtATy7RkKtMrPpOntF8eIGhVLNxT8pOiyLFprgn7xgO0KCK4jVYcB07NmLtMG8GRtv5CBcaz09YoY6CBSDYT/Ut90xTagxpYqgwWOPw6E8ddG7WIXASgP/kw5lzcf0CAwEAAaN8MHowDgYDVR0PAQH/BAQDAgWgMAkGA1UdEwQCMAAwHQYDVR0lBBYwFAYIKwYBBQUHAwEGCCsGAQUFBwMCMB8GA1UdIwQYMBaAFCcLmuUk/3/Dcd/NQqtbwqVHs1wSMB0GA1UdDgQWBBQnC5rlJP9/w3HfzUKrW8KlR7NcEjANBgkqhkiG9w0BAQsFAAOCAQEAJ7xlJsQTzDdfv7RUD95m7xGOlzaoftK5daXx0khIHI6nxB7clK1dVZUV/SqaQtf6wh5bPOoqwbRCTM+yU52E7AsO26wswmhWUqL+w2PFA8yr0i7MDCXNwuNc6AH/KwJMZN82ASvBVd5Fd6bejyXL4g2sIhay0o59pwBNENW5bpOy587CpmKgY6Vndz2JslfdymNTFpASV0u4cuVXhUZbwhLDgawrUIZsUttbhZcM5H7+fFzPuzUgyilysFqW1wbiOrCDYBclgMQXXNJzgjPqCbJI3iSHAjJ8p5T8B+cuoFWyT9XdIXjxq8IVjzOEqOI+YrZ5us2EQ0MxMwe8Nc5s/g==",
            "certificate_policy": [
              {
                "issuer_parameters": [
                  {
                    "name": "Self"
                  }
                ],
                "key_properties": [
                  {
                    "curve": "",
                    "exportable": true,
                    "key_size": 2048,
                    "key_type": "RSA",
                    "reuse_key": false
                  }
                ],
                "lifetime_action": [
                  {
                    "action": [
                      {
                        "action_type": "AutoRenew"
                      }
                    ],
                    "trigger": [
                      {
                        "days_before_expiry": 0,
                        "lifetime_percentage": 80
                      }
                    ]
                  }
                ],
                "secret_properties": [
                  {
                    "content_type": "application/x-pem-file"
                  }
                ],
                "x509_certificate_properties": [
                  {
                    "extended_key_usage": [
                      "1.3.6.1.5.5.7.3.1",
                      "1.3.6.1.5.5.7.3.2"
                    ],
                    "key_usage": [
                      "digitalSignature",
                      "keyEncipherment"
                    ],
                    "subject": "CN=Mydomainname.com",
                    "subject_alternative_names": [
                      {
                        "dns_names": [],
                        "emails": [],
                        "upns": []
                      }
                    ],
                    "validity_in_months": 12
                  }
                ]
              }
            ],
            "expires": "2024-05-12T22:16:04Z",
            "id": "https://demokv01090.vault.azure.net/certificates/certww/b927aa6224404d04904fb92beda98da8",
            "key_vault_id": "/subscriptions/4aa0a432-11bd-465b-8454-270ce1f20b11/resourceGroups/kv_terraform_rg/providers/Microsoft.KeyVault/vaults/demokv01090",
            "name": "certww",
            "not_before": "2023-05-12T22:06:04Z",
            "resource_manager_id": "/subscriptions/4aa0a432-11bd-465b-8454-270ce1f20b11/resourceGroups/kv_terraform_rg/providers/Microsoft.KeyVault/vaults/demokv01090/certificates/certww/versions/b927aa6224404d04904fb92beda98da8",
            "resource_manager_versionless_id": "/subscriptions/4aa0a432-11bd-465b-8454-270ce1f20b11/resourceGroups/kv_terraform_rg/providers/Microsoft.KeyVault/vaults/demokv01090/certificates/certww",
            "secret_id": "https://demokv01090.vault.azure.net/secrets/certww/b927aa6224404d04904fb92beda98da8",
            "tags": {},
            "thumbprint": "7BD032BCA48A37AB6E7CB12E78F51A0815FA3E55",
            "timeouts": null,
            "version": "b927aa6224404d04904fb92beda98da8",
            "versionless_id": "https://demokv01090.vault.azure.net/certificates/certww",
            "versionless_secret_id": "https://demokv01090.vault.azure.net/secrets/certww"
          },
          "sensitive_attributes": []
        }
      ]
    },
    {
      "mode": "data",
      "type": "azurerm_key_vault_key",
      "name": "keyval",
      "provider": "provider[\"registry.terraform.io/hashicorp/azurerm\"]",
      "instances": [
        {
          "schema_version": 0,
          "attributes": {
            "curve": "",
            "e": "AQAB",
            "id": "https://demokv01090.vault.azure.net/keys/key1/5f3e8b62210645959afe28d013aa5098",
            "key_opts": [
              "sign",
              "verify",
              "wrapKey",
              "unwrapKey",
              "encrypt",
              "decrypt"
            ],
            "key_size": null,
            "key_type": "RSA",
            "key_vault_id": "/subscriptions/4aa0a432-11bd-465b-8454-270ce1f20b11/resourceGroups/kv_terraform_rg/providers/Microsoft.KeyVault/vaults/demokv01090",
            "n": "vOvGkXEQAayy0_oB75b2l5lMaFZGm9CF-yUVCp1oe9OZZfd3NM6ej-dpO5gen78i8u_lSnpM91dQ47svueSLLhk5qjxWe_-I63S3moWr6SXsGAuZAlAEbSvG2UEMGFeYsRoHbdx8XtLnjmkL2KGT9qVSjECth2I-MOErl6tQXGJ3LCkDtLMnWMtu9jmg9IqzmMQ96OJVy5wfCCo8hSe74V69S6TC0RR7SCiHXlr-Stv-9gHyJaqHpNDDH1LU-Cq3Q32coo8TduO2bg20aORbqb8WkvfVVBDYev2Ggc4y6Gq_k8RedObd1ZCTW8Hh4koO1WbKhObFklJyB-XViqxcPQ",
            "name": "key1",
            "public_key_openssh": "ssh-rsa AAAAB3NzaC1yc2EAAAADAQABAAABAQC868aRcRABrLLT+gHvlvaXmUxoVkab0IX7JRUKnWh705ll93c0zp6P52k7mB6fvyLy7+VKekz3V1Djuy+55IsuGTmqPFZ7/4jrdLeahavpJewYC5kCUARtK8bZQQwYV5ixGgdt3Hxe0ueOaQvYoZP2pVKMQK2HYj4w4SuXq1BcYncsKQO0sydYy272OaD0irOYxD3o4lXLnB8IKjyFJ7vhXr1LpMLRFHtIKIdeWv5K2/72AfIlqoek0MMfUtT4KrdDfZyijxN247ZuDbRo5FupvxaS99VUENh6/YaBzjLoar+TxF505t3VkJNbweHiSg7VZsqE5sWSUnIH5dWKrFw9\n",
            "public_key_pem": "-----BEGIN PUBLIC KEY-----\nMIIBIjANBgkqhkiG9w0BAQEFAAOCAQ8AMIIBCgKCAQEAvOvGkXEQAayy0/oB75b2\nl5lMaFZGm9CF+yUVCp1oe9OZZfd3NM6ej+dpO5gen78i8u/lSnpM91dQ47svueSL\nLhk5qjxWe/+I63S3moWr6SXsGAuZAlAEbSvG2UEMGFeYsRoHbdx8XtLnjmkL2KGT\n9qVSjECth2I+MOErl6tQXGJ3LCkDtLMnWMtu9jmg9IqzmMQ96OJVy5wfCCo8hSe7\n4V69S6TC0RR7SCiHXlr+Stv+9gHyJaqHpNDDH1LU+Cq3Q32coo8TduO2bg20aORb\nqb8WkvfVVBDYev2Ggc4y6Gq/k8RedObd1ZCTW8Hh4koO1WbKhObFklJyB+XViqxc\nPQIDAQAB\n-----END PUBLIC KEY-----\n",
            "resource_id": "/subscriptions/4aa0a432-11bd-465b-8454-270ce1f20b11/resourceGroups/kv_terraform_rg/providers/Microsoft.KeyVault/vaults/demokv01090/keys/key1/versions/5f3e8b62210645959afe28d013aa5098",
            "resource_versionless_id": "/subscriptions/4aa0a432-11bd-465b-8454-270ce1f20b11/resourceGroups/kv_terraform_rg/providers/Microsoft.KeyVault/vaults/demokv01090/keys/key1",
            "tags": {},
            "timeouts": null,
            "version": "5f3e8b62210645959afe28d013aa5098",
            "versionless_id": "https://demokv01090.vault.azure.net/keys/key1",
            "x": "",
            "y": ""
          },
          "sensitive_attributes": []
        }
      ]
    },
    {
      "mode": "data",
      "type": "azurerm_key_vault_secret",
      "name": "secretval",
      "provider": "provider[\"registry.terraform.io/hashicorp/azurerm\"]",
      "instances": [
        {
          "schema_version": 0,
          "attributes": {
            "content_type": "",
            "expiration_date": null,
            "id": "https://demokv01090.vault.azure.net/secrets/test1/a695dc454ec6491fb783a91090545dda",
            "key_vault_id": "/subscriptions/4aa0a432-11bd-465b-8454-270ce1f20b11/resourceGroups/kv_terraform_rg/providers/Microsoft.KeyVault/vaults/demokv01090",
            "name": "test1",
            "not_before_date": null,
            "resource_id": "/subscriptions/4aa0a432-11bd-465b-8454-270ce1f20b11/resourceGroups/kv_terraform_rg/providers/Microsoft.KeyVault/vaults/demokv01090/secrets/test1/versions/a695dc454ec6491fb783a91090545dda",
            "resource_versionless_id": "/subscriptions/4aa0a432-11bd-465b-8454-270ce1f20b11/resourceGroups/kv_terraform_rg/providers/Microsoft.KeyVault/vaults/demokv01090/secrets/test1",
            "tags": {},
            "timeouts": null,
            "value": "test1",
            "version": "a695dc454ec6491fb783a91090545dda",
            "versionless_id": "https://demokv01090.vault.azure.net/secrets/test1"
          },
          "sensitive_attributes": []
        }
      ]
    },
    {
      "mode": "managed",
      "type": "azurerm_role_assignment",
      "name": "role-cert-user",
      "provider": "provider[\"registry.terraform.io/hashicorp/azurerm\"]",
      "instances": [
        {
          "schema_version": 0,
          "attributes": {
            "condition": "",
            "condition_version": "",
            "delegated_managed_identity_resource_id": "",
            "description": "",
            "id": "/subscriptions/4aa0a432-11bd-465b-8454-270ce1f20b11/resourceGroups/kv_terraform_rg/providers/Microsoft.KeyVault/vaults/demokv01090/certificates/certww/providers/Microsoft.Authorization/roleAssignments/8fb02420-02b8-6832-4359-4701326cc5dd",
            "name": "8fb02420-02b8-6832-4359-4701326cc5dd",
            "principal_id": "30b62b0e-04ee-459a-8b73-96061ef4f359",
            "principal_type": "User",
            "role_definition_id": "/subscriptions/4aa0a432-11bd-465b-8454-270ce1f20b11/providers/Microsoft.Authorization/roleDefinitions/4633458b-17de-408a-b874-0445c86b69e6",
            "role_definition_name": "Key Vault Secrets User",
            "scope": "/subscriptions/4aa0a432-11bd-465b-8454-270ce1f20b11/resourceGroups/kv_terraform_rg/providers/Microsoft.KeyVault/vaults/demokv01090/certificates/certww",
            "skip_service_principal_aad_check": null,
            "timeouts": null
          },
          "sensitive_attributes": [],
          "private": "eyJlMmJmYjczMC1lY2FhLTExZTYtOGY4OC0zNDM2M2JjN2M0YzAiOnsiY3JlYXRlIjoxODAwMDAwMDAwMDAwLCJkZWxldGUiOjE4MDAwMDAwMDAwMDAsInJlYWQiOjMwMDAwMDAwMDAwMCwidXBkYXRlIjoxODAwMDAwMDAwMDAwfX0=",
          "dependencies": [
            "data.azurerm_key_vault.keyvault",
            "data.azurerm_key_vault_certificate.certval"
          ]
        }
      ]
    },
    {
      "mode": "managed",
      "type": "azurerm_role_assignment",
      "name": "role-key-user",
      "provider": "provider[\"registry.terraform.io/hashicorp/azurerm\"]",
      "instances": [
        {
          "schema_version": 0,
          "attributes": {
            "condition": "",
            "condition_version": "",
            "delegated_managed_identity_resource_id": "",
            "description": "",
            "id": "/subscriptions/4aa0a432-11bd-465b-8454-270ce1f20b11/resourceGroups/kv_terraform_rg/providers/Microsoft.KeyVault/vaults/demokv01090/keys/key1/providers/Microsoft.Authorization/roleAssignments/dfaadeb0-a672-6c04-2c0e-0833a5745adf",
            "name": "dfaadeb0-a672-6c04-2c0e-0833a5745adf",
            "principal_id": "30b62b0e-04ee-459a-8b73-96061ef4f359",
            "principal_type": "User",
            "role_definition_id": "/subscriptions/4aa0a432-11bd-465b-8454-270ce1f20b11/providers/Microsoft.Authorization/roleDefinitions/12338af0-0e69-4776-bea7-57ae8d297424",
            "role_definition_name": "Key Vault Crypto User",
            "scope": "/subscriptions/4aa0a432-11bd-465b-8454-270ce1f20b11/resourceGroups/kv_terraform_rg/providers/Microsoft.KeyVault/vaults/demokv01090/keys/key1",
            "skip_service_principal_aad_check": null,
            "timeouts": null
          },
          "sensitive_attributes": [],
          "private": "eyJlMmJmYjczMC1lY2FhLTExZTYtOGY4OC0zNDM2M2JjN2M0YzAiOnsiY3JlYXRlIjoxODAwMDAwMDAwMDAwLCJkZWxldGUiOjE4MDAwMDAwMDAwMDAsInJlYWQiOjMwMDAwMDAwMDAwMCwidXBkYXRlIjoxODAwMDAwMDAwMDAwfX0=",
          "dependencies": [
            "data.azurerm_key_vault.keyvault",
            "data.azurerm_key_vault_key.keyval"
          ]
        }
      ]
    },
    {
      "mode": "managed",
      "type": "azurerm_role_assignment",
      "name": "role-secret-user",
      "provider": "provider[\"registry.terraform.io/hashicorp/azurerm\"]",
      "instances": [
        {
          "schema_version": 0,
          "attributes": {
            "condition": "",
            "condition_version": "",
            "delegated_managed_identity_resource_id": "",
            "description": "",
            "id": "/subscriptions/4aa0a432-11bd-465b-8454-270ce1f20b11/resourceGroups/kv_terraform_rg/providers/Microsoft.KeyVault/vaults/demokv01090/secrets/test1/providers/Microsoft.Authorization/roleAssignments/038e12e9-f8ce-7d47-658e-5b4822fe4a11",
            "name": "038e12e9-f8ce-7d47-658e-5b4822fe4a11",
            "principal_id": "30b62b0e-04ee-459a-8b73-96061ef4f359",
            "principal_type": "User",
            "role_definition_id": "/subscriptions/4aa0a432-11bd-465b-8454-270ce1f20b11/providers/Microsoft.Authorization/roleDefinitions/4633458b-17de-408a-b874-0445c86b69e6",
            "role_definition_name": "Key Vault Secrets User",
            "scope": "/subscriptions/4aa0a432-11bd-465b-8454-270ce1f20b11/resourceGroups/kv_terraform_rg/providers/Microsoft.KeyVault/vaults/demokv01090/secrets/test1",
            "skip_service_principal_aad_check": null,
            "timeouts": null
          },
          "sensitive_attributes": [],
          "private": "eyJlMmJmYjczMC1lY2FhLTExZTYtOGY4OC0zNDM2M2JjN2M0YzAiOnsiY3JlYXRlIjoxODAwMDAwMDAwMDAwLCJkZWxldGUiOjE4MDAwMDAwMDAwMDAsInJlYWQiOjMwMDAwMDAwMDAwMCwidXBkYXRlIjoxODAwMDAwMDAwMDAwfX0=",
          "dependencies": [
            "data.azurerm_key_vault.keyvault",
            "data.azurerm_key_vault_secret.secretval"
          ]
        }
      ]
    }
  ],
  "check_results": null
}
